// !$*UTF8*$!
{
	archiveVersion = 1;
	classes = {
	};
	objectVersion = 50;
	objects = {

/* Begin PBXBuildFile section */
		C910DD9D2506E9B900993938 /* AppDelegate.swift in Sources */ = {isa = PBXBuildFile; fileRef = C910DD9C2506E9B900993938 /* AppDelegate.swift */; };
		C910DD9F2506E9B900993938 /* SceneDelegate.swift in Sources */ = {isa = PBXBuildFile; fileRef = C910DD9E2506E9B900993938 /* SceneDelegate.swift */; };
		C910DDA12506E9B900993938 /* ContentView.swift in Sources */ = {isa = PBXBuildFile; fileRef = C910DDA02506E9B900993938 /* ContentView.swift */; };
		C910DDA32506E9BA00993938 /* Assets.xcassets in Resources */ = {isa = PBXBuildFile; fileRef = C910DDA22506E9BA00993938 /* Assets.xcassets */; };
		C910DDA62506E9BA00993938 /* Preview Assets.xcassets in Resources */ = {isa = PBXBuildFile; fileRef = C910DDA52506E9BA00993938 /* Preview Assets.xcassets */; };
		C910DDA92506E9BA00993938 /* LaunchScreen.storyboard in Resources */ = {isa = PBXBuildFile; fileRef = C910DDA72506E9BA00993938 /* LaunchScreen.storyboard */; };
		C910DDB42506E9BA00993938 /* KeyServicesTests.swift in Sources */ = {isa = PBXBuildFile; fileRef = C910DDB32506E9BA00993938 /* KeyServicesTests.swift */; };
		C910DDBF2506E9BA00993938 /* KeyServicesUITests.swift in Sources */ = {isa = PBXBuildFile; fileRef = C910DDBE2506E9BA00993938 /* KeyServicesUITests.swift */; };
		C910DDCD2506E9C900993938 /* KeyServices.swift in Sources */ = {isa = PBXBuildFile; fileRef = C910DDCC2506E9C900993938 /* KeyServices.swift */; };
/* End PBXBuildFile section */

/* Begin PBXContainerItemProxy section */
		C910DDB02506E9BA00993938 /* PBXContainerItemProxy */ = {
			isa = PBXContainerItemProxy;
			containerPortal = C910DD912506E9B900993938 /* Project object */;
			proxyType = 1;
			remoteGlobalIDString = C910DD982506E9B900993938;
			remoteInfo = KeyServices;
		};
		C910DDBB2506E9BA00993938 /* PBXContainerItemProxy */ = {
			isa = PBXContainerItemProxy;
			containerPortal = C910DD912506E9B900993938 /* Project object */;
			proxyType = 1;
			remoteGlobalIDString = C910DD982506E9B900993938;
			remoteInfo = KeyServices;
		};
/* End PBXContainerItemProxy section */

/* Begin PBXFileReference section */
		C910DD992506E9B900993938 /* KeyServices.app */ = {isa = PBXFileReference; explicitFileType = wrapper.application; includeInIndex = 0; path = KeyServices.app; sourceTree = BUILT_PRODUCTS_DIR; };
		C910DD9C2506E9B900993938 /* AppDelegate.swift */ = {isa = PBXFileReference; lastKnownFileType = sourcecode.swift; path = AppDelegate.swift; sourceTree = "<group>"; };
		C910DD9E2506E9B900993938 /* SceneDelegate.swift */ = {isa = PBXFileReference; lastKnownFileType = sourcecode.swift; path = SceneDelegate.swift; sourceTree = "<group>"; };
		C910DDA02506E9B900993938 /* ContentView.swift */ = {isa = PBXFileReference; lastKnownFileType = sourcecode.swift; path = ContentView.swift; sourceTree = "<group>"; };
		C910DDA22506E9BA00993938 /* Assets.xcassets */ = {isa = PBXFileReference; lastKnownFileType = folder.assetcatalog; path = Assets.xcassets; sourceTree = "<group>"; };
		C910DDA52506E9BA00993938 /* Preview Assets.xcassets */ = {isa = PBXFileReference; lastKnownFileType = folder.assetcatalog; path = "Preview Assets.xcassets"; sourceTree = "<group>"; };
		C910DDA82506E9BA00993938 /* Base */ = {isa = PBXFileReference; lastKnownFileType = file.storyboard; name = Base; path = Base.lproj/LaunchScreen.storyboard; sourceTree = "<group>"; };
		C910DDAA2506E9BA00993938 /* Info.plist */ = {isa = PBXFileReference; lastKnownFileType = text.plist.xml; path = Info.plist; sourceTree = "<group>"; };
		C910DDAF2506E9BA00993938 /* KeyServicesTests.xctest */ = {isa = PBXFileReference; explicitFileType = wrapper.cfbundle; includeInIndex = 0; path = KeyServicesTests.xctest; sourceTree = BUILT_PRODUCTS_DIR; };
		C910DDB32506E9BA00993938 /* KeyServicesTests.swift */ = {isa = PBXFileReference; lastKnownFileType = sourcecode.swift; path = KeyServicesTests.swift; sourceTree = "<group>"; };
		C910DDB52506E9BA00993938 /* Info.plist */ = {isa = PBXFileReference; lastKnownFileType = text.plist.xml; path = Info.plist; sourceTree = "<group>"; };
		C910DDBA2506E9BA00993938 /* KeyServicesUITests.xctest */ = {isa = PBXFileReference; explicitFileType = wrapper.cfbundle; includeInIndex = 0; path = KeyServicesUITests.xctest; sourceTree = BUILT_PRODUCTS_DIR; };
		C910DDBE2506E9BA00993938 /* KeyServicesUITests.swift */ = {isa = PBXFileReference; lastKnownFileType = sourcecode.swift; path = KeyServicesUITests.swift; sourceTree = "<group>"; };
		C910DDC02506E9BA00993938 /* Info.plist */ = {isa = PBXFileReference; lastKnownFileType = text.plist.xml; path = Info.plist; sourceTree = "<group>"; };
		C910DDCC2506E9C900993938 /* KeyServices.swift */ = {isa = PBXFileReference; lastKnownFileType = sourcecode.swift; path = KeyServices.swift; sourceTree = "<group>"; };
/* End PBXFileReference section */

/* Begin PBXFrameworksBuildPhase section */
		C910DD962506E9B900993938 /* Frameworks */ = {
			isa = PBXFrameworksBuildPhase;
			buildActionMask = 2147483647;
			files = (
			);
			runOnlyForDeploymentPostprocessing = 0;
		};
		C910DDAC2506E9BA00993938 /* Frameworks */ = {
			isa = PBXFrameworksBuildPhase;
			buildActionMask = 2147483647;
			files = (
			);
			runOnlyForDeploymentPostprocessing = 0;
		};
		C910DDB72506E9BA00993938 /* Frameworks */ = {
			isa = PBXFrameworksBuildPhase;
			buildActionMask = 2147483647;
			files = (
			);
			runOnlyForDeploymentPostprocessing = 0;
		};
/* End PBXFrameworksBuildPhase section */

/* Begin PBXGroup section */
		C910DD902506E9B900993938 = {
			isa = PBXGroup;
			children = (
				C910DD9B2506E9B900993938 /* KeyServices */,
				C910DDB22506E9BA00993938 /* KeyServicesTests */,
				C910DDBD2506E9BA00993938 /* KeyServicesUITests */,
				C910DD9A2506E9B900993938 /* Products */,
			);
			sourceTree = "<group>";
		};
		C910DD9A2506E9B900993938 /* Products */ = {
			isa = PBXGroup;
			children = (
				C910DD992506E9B900993938 /* KeyServices.app */,
				C910DDAF2506E9BA00993938 /* KeyServicesTests.xctest */,
				C910DDBA2506E9BA00993938 /* KeyServicesUITests.xctest */,
			);
			name = Products;
			sourceTree = "<group>";
		};
		C910DD9B2506E9B900993938 /* KeyServices */ = {
			isa = PBXGroup;
			children = (
				C910DD9C2506E9B900993938 /* AppDelegate.swift */,
				C910DD9E2506E9B900993938 /* SceneDelegate.swift */,
				C910DDA02506E9B900993938 /* ContentView.swift */,
				C910DDA22506E9BA00993938 /* Assets.xcassets */,
				C910DDA72506E9BA00993938 /* LaunchScreen.storyboard */,
				C910DDAA2506E9BA00993938 /* Info.plist */,
				C910DDA42506E9BA00993938 /* Preview Content */,
				C910DDCC2506E9C900993938 /* KeyServices.swift */,
			);
			path = KeyServices;
			sourceTree = "<group>";
		};
		C910DDA42506E9BA00993938 /* Preview Content */ = {
			isa = PBXGroup;
			children = (
				C910DDA52506E9BA00993938 /* Preview Assets.xcassets */,
			);
			path = "Preview Content";
			sourceTree = "<group>";
		};
		C910DDB22506E9BA00993938 /* KeyServicesTests */ = {
			isa = PBXGroup;
			children = (
				C910DDB32506E9BA00993938 /* KeyServicesTests.swift */,
				C910DDB52506E9BA00993938 /* Info.plist */,
			);
			path = KeyServicesTests;
			sourceTree = "<group>";
		};
		C910DDBD2506E9BA00993938 /* KeyServicesUITests */ = {
			isa = PBXGroup;
			children = (
				C910DDBE2506E9BA00993938 /* KeyServicesUITests.swift */,
				C910DDC02506E9BA00993938 /* Info.plist */,
			);
			path = KeyServicesUITests;
			sourceTree = "<group>";
		};
/* End PBXGroup section */

/* Begin PBXNativeTarget section */
		C910DD982506E9B900993938 /* KeyServices */ = {
			isa = PBXNativeTarget;
			buildConfigurationList = C910DDC32506E9BA00993938 /* Build configuration list for PBXNativeTarget "KeyServices" */;
			buildPhases = (
				C910DD952506E9B900993938 /* Sources */,
				C910DD962506E9B900993938 /* Frameworks */,
				C910DD972506E9B900993938 /* Resources */,
			);
			buildRules = (
			);
			dependencies = (
			);
			name = KeyServices;
			productName = KeyServices;
			productReference = C910DD992506E9B900993938 /* KeyServices.app */;
			productType = "com.apple.product-type.application";
		};
		C910DDAE2506E9BA00993938 /* KeyServicesTests */ = {
			isa = PBXNativeTarget;
			buildConfigurationList = C910DDC62506E9BA00993938 /* Build configuration list for PBXNativeTarget "KeyServicesTests" */;
			buildPhases = (
				C910DDAB2506E9BA00993938 /* Sources */,
				C910DDAC2506E9BA00993938 /* Frameworks */,
				C910DDAD2506E9BA00993938 /* Resources */,
			);
			buildRules = (
			);
			dependencies = (
				C910DDB12506E9BA00993938 /* PBXTargetDependency */,
			);
			name = KeyServicesTests;
			productName = KeyServicesTests;
			productReference = C910DDAF2506E9BA00993938 /* KeyServicesTests.xctest */;
			productType = "com.apple.product-type.bundle.unit-test";
		};
		C910DDB92506E9BA00993938 /* KeyServicesUITests */ = {
			isa = PBXNativeTarget;
			buildConfigurationList = C910DDC92506E9BA00993938 /* Build configuration list for PBXNativeTarget "KeyServicesUITests" */;
			buildPhases = (
				C910DDB62506E9BA00993938 /* Sources */,
				C910DDB72506E9BA00993938 /* Frameworks */,
				C910DDB82506E9BA00993938 /* Resources */,
			);
			buildRules = (
			);
			dependencies = (
				C910DDBC2506E9BA00993938 /* PBXTargetDependency */,
			);
			name = KeyServicesUITests;
			productName = KeyServicesUITests;
			productReference = C910DDBA2506E9BA00993938 /* KeyServicesUITests.xctest */;
			productType = "com.apple.product-type.bundle.ui-testing";
		};
/* End PBXNativeTarget section */

/* Begin PBXProject section */
		C910DD912506E9B900993938 /* Project object */ = {
			isa = PBXProject;
			attributes = {
				LastSwiftUpdateCheck = 1170;
				LastUpgradeCheck = 1170;
				ORGANIZATIONNAME = test;
				TargetAttributes = {
					C910DD982506E9B900993938 = {
						CreatedOnToolsVersion = 11.7;
					};
					C910DDAE2506E9BA00993938 = {
						CreatedOnToolsVersion = 11.7;
						TestTargetID = C910DD982506E9B900993938;
					};
					C910DDB92506E9BA00993938 = {
						CreatedOnToolsVersion = 11.7;
						TestTargetID = C910DD982506E9B900993938;
					};
				};
			};
			buildConfigurationList = C910DD942506E9B900993938 /* Build configuration list for PBXProject "KeyServices" */;
			compatibilityVersion = "Xcode 9.3";
			developmentRegion = en;
			hasScannedForEncodings = 0;
			knownRegions = (
				en,
				Base,
			);
			mainGroup = C910DD902506E9B900993938;
			productRefGroup = C910DD9A2506E9B900993938 /* Products */;
			projectDirPath = "";
			projectRoot = "";
			targets = (
				C910DD982506E9B900993938 /* KeyServices */,
				C910DDAE2506E9BA00993938 /* KeyServicesTests */,
				C910DDB92506E9BA00993938 /* KeyServicesUITests */,
			);
		};
/* End PBXProject section */

/* Begin PBXResourcesBuildPhase section */
		C910DD972506E9B900993938 /* Resources */ = {
			isa = PBXResourcesBuildPhase;
			buildActionMask = 2147483647;
			files = (
				C910DDA92506E9BA00993938 /* LaunchScreen.storyboard in Resources */,
				C910DDA62506E9BA00993938 /* Preview Assets.xcassets in Resources */,
				C910DDA32506E9BA00993938 /* Assets.xcassets in Resources */,
			);
			runOnlyForDeploymentPostprocessing = 0;
		};
		C910DDAD2506E9BA00993938 /* Resources */ = {
			isa = PBXResourcesBuildPhase;
			buildActionMask = 2147483647;
			files = (
			);
			runOnlyForDeploymentPostprocessing = 0;
		};
		C910DDB82506E9BA00993938 /* Resources */ = {
			isa = PBXResourcesBuildPhase;
			buildActionMask = 2147483647;
			files = (
			);
			runOnlyForDeploymentPostprocessing = 0;
		};
/* End PBXResourcesBuildPhase section */

/* Begin PBXSourcesBuildPhase section */
		C910DD952506E9B900993938 /* Sources */ = {
			isa = PBXSourcesBuildPhase;
			buildActionMask = 2147483647;
			files = (
				C910DD9D2506E9B900993938 /* AppDelegate.swift in Sources */,
				C910DDCD2506E9C900993938 /* KeyServices.swift in Sources */,
				C910DD9F2506E9B900993938 /* SceneDelegate.swift in Sources */,
				C910DDA12506E9B900993938 /* ContentView.swift in Sources */,
			);
			runOnlyForDeploymentPostprocessing = 0;
		};
		C910DDAB2506E9BA00993938 /* Sources */ = {
			isa = PBXSourcesBuildPhase;
			buildActionMask = 2147483647;
			files = (
				C910DDB42506E9BA00993938 /* KeyServicesTests.swift in Sources */,
			);
			runOnlyForDeploymentPostprocessing = 0;
		};
		C910DDB62506E9BA00993938 /* Sources */ = {
			isa = PBXSourcesBuildPhase;
			buildActionMask = 2147483647;
			files = (
				C910DDBF2506E9BA00993938 /* KeyServicesUITests.swift in Sources */,
			);
			runOnlyForDeploymentPostprocessing = 0;
		};
/* End PBXSourcesBuildPhase section */

/* Begin PBXTargetDependency section */
		C910DDB12506E9BA00993938 /* PBXTargetDependency */ = {
			isa = PBXTargetDependency;
			target = C910DD982506E9B900993938 /* KeyServices */;
			targetProxy = C910DDB02506E9BA00993938 /* PBXContainerItemProxy */;
		};
		C910DDBC2506E9BA00993938 /* PBXTargetDependency */ = {
			isa = PBXTargetDependency;
			target = C910DD982506E9B900993938 /* KeyServices */;
			targetProxy = C910DDBB2506E9BA00993938 /* PBXContainerItemProxy */;
		};
/* End PBXTargetDependency section */

/* Begin PBXVariantGroup section */
		C910DDA72506E9BA00993938 /* LaunchScreen.storyboard */ = {
			isa = PBXVariantGroup;
			children = (
				C910DDA82506E9BA00993938 /* Base */,
			);
			name = LaunchScreen.storyboard;
			sourceTree = "<group>";
		};
/* End PBXVariantGroup section */

/* Begin XCBuildConfiguration section */
		C910DDC12506E9BA00993938 /* Debug */ = {
			isa = XCBuildConfiguration;
			buildSettings = {
				ALWAYS_SEARCH_USER_PATHS = NO;
				CLANG_ANALYZER_NONNULL = YES;
				CLANG_ANALYZER_NUMBER_OBJECT_CONVERSION = YES_AGGRESSIVE;
				CLANG_CXX_LANGUAGE_STANDARD = "gnu++14";
				CLANG_CXX_LIBRARY = "libc++";
				CLANG_ENABLE_MODULES = YES;
				CLANG_ENABLE_OBJC_ARC = YES;
				CLANG_ENABLE_OBJC_WEAK = YES;
				CLANG_WARN_BLOCK_CAPTURE_AUTORELEASING = YES;
				CLANG_WARN_BOOL_CONVERSION = YES;
				CLANG_WARN_COMMA = YES;
				CLANG_WARN_CONSTANT_CONVERSION = YES;
				CLANG_WARN_DEPRECATED_OBJC_IMPLEMENTATIONS = YES;
				CLANG_WARN_DIRECT_OBJC_ISA_USAGE = YES_ERROR;
				CLANG_WARN_DOCUMENTATION_COMMENTS = YES;
				CLANG_WARN_EMPTY_BODY = YES;
				CLANG_WARN_ENUM_CONVERSION = YES;
				CLANG_WARN_INFINITE_RECURSION = YES;
				CLANG_WARN_INT_CONVERSION = YES;
				CLANG_WARN_NON_LITERAL_NULL_CONVERSION = YES;
				CLANG_WARN_OBJC_IMPLICIT_RETAIN_SELF = YES;
				CLANG_WARN_OBJC_LITERAL_CONVERSION = YES;
				CLANG_WARN_OBJC_ROOT_CLASS = YES_ERROR;
				CLANG_WARN_RANGE_LOOP_ANALYSIS = YES;
				CLANG_WARN_STRICT_PROTOTYPES = YES;
				CLANG_WARN_SUSPICIOUS_MOVE = YES;
				CLANG_WARN_UNGUARDED_AVAILABILITY = YES_AGGRESSIVE;
				CLANG_WARN_UNREACHABLE_CODE = YES;
				CLANG_WARN__DUPLICATE_METHOD_MATCH = YES;
				COPY_PHASE_STRIP = NO;
				DEBUG_INFORMATION_FORMAT = dwarf;
				ENABLE_STRICT_OBJC_MSGSEND = YES;
				ENABLE_TESTABILITY = YES;
				GCC_C_LANGUAGE_STANDARD = gnu11;
				GCC_DYNAMIC_NO_PIC = NO;
				GCC_NO_COMMON_BLOCKS = YES;
				GCC_OPTIMIZATION_LEVEL = 0;
				GCC_PREPROCESSOR_DEFINITIONS = (
					"DEBUG=1",
					"$(inherited)",
				);
				GCC_WARN_64_TO_32_BIT_CONVERSION = YES;
				GCC_WARN_ABOUT_RETURN_TYPE = YES_ERROR;
				GCC_WARN_UNDECLARED_SELECTOR = YES;
				GCC_WARN_UNINITIALIZED_AUTOS = YES_AGGRESSIVE;
				GCC_WARN_UNUSED_FUNCTION = YES;
				GCC_WARN_UNUSED_VARIABLE = YES;
				IPHONEOS_DEPLOYMENT_TARGET = 13.7;
				MTL_ENABLE_DEBUG_INFO = INCLUDE_SOURCE;
				MTL_FAST_MATH = YES;
				ONLY_ACTIVE_ARCH = YES;
				SDKROOT = iphoneos;
				SWIFT_ACTIVE_COMPILATION_CONDITIONS = DEBUG;
				SWIFT_OPTIMIZATION_LEVEL = "-Onone";
			};
			name = Debug;
		};
		C910DDC22506E9BA00993938 /* Release */ = {
			isa = XCBuildConfiguration;
			buildSettings = {
				ALWAYS_SEARCH_USER_PATHS = NO;
				CLANG_ANALYZER_NONNULL = YES;
				CLANG_ANALYZER_NUMBER_OBJECT_CONVERSION = YES_AGGRESSIVE;
				CLANG_CXX_LANGUAGE_STANDARD = "gnu++14";
				CLANG_CXX_LIBRARY = "libc++";
				CLANG_ENABLE_MODULES = YES;
				CLANG_ENABLE_OBJC_ARC = YES;
				CLANG_ENABLE_OBJC_WEAK = YES;
				CLANG_WARN_BLOCK_CAPTURE_AUTORELEASING = YES;
				CLANG_WARN_BOOL_CONVERSION = YES;
				CLANG_WARN_COMMA = YES;
				CLANG_WARN_CONSTANT_CONVERSION = YES;
				CLANG_WARN_DEPRECATED_OBJC_IMPLEMENTATIONS = YES;
				CLANG_WARN_DIRECT_OBJC_ISA_USAGE = YES_ERROR;
				CLANG_WARN_DOCUMENTATION_COMMENTS = YES;
				CLANG_WARN_EMPTY_BODY = YES;
				CLANG_WARN_ENUM_CONVERSION = YES;
				CLANG_WARN_INFINITE_RECURSION = YES;
				CLANG_WARN_INT_CONVERSION = YES;
				CLANG_WARN_NON_LITERAL_NULL_CONVERSION = YES;
				CLANG_WARN_OBJC_IMPLICIT_RETAIN_SELF = YES;
				CLANG_WARN_OBJC_LITERAL_CONVERSION = YES;
				CLANG_WARN_OBJC_ROOT_CLASS = YES_ERROR;
				CLANG_WARN_RANGE_LOOP_ANALYSIS = YES;
				CLANG_WARN_STRICT_PROTOTYPES = YES;
				CLANG_WARN_SUSPICIOUS_MOVE = YES;
				CLANG_WARN_UNGUARDED_AVAILABILITY = YES_AGGRESSIVE;
				CLANG_WARN_UNREACHABLE_CODE = YES;
				CLANG_WARN__DUPLICATE_METHOD_MATCH = YES;
				COPY_PHASE_STRIP = NO;
				DEBUG_INFORMATION_FORMAT = "dwarf-with-dsym";
				ENABLE_NS_ASSERTIONS = NO;
				ENABLE_STRICT_OBJC_MSGSEND = YES;
				GCC_C_LANGUAGE_STANDARD = gnu11;
				GCC_NO_COMMON_BLOCKS = YES;
				GCC_WARN_64_TO_32_BIT_CONVERSION = YES;
				GCC_WARN_ABOUT_RETURN_TYPE = YES_ERROR;
				GCC_WARN_UNDECLARED_SELECTOR = YES;
				GCC_WARN_UNINITIALIZED_AUTOS = YES_AGGRESSIVE;
				GCC_WARN_UNUSED_FUNCTION = YES;
				GCC_WARN_UNUSED_VARIABLE = YES;
				IPHONEOS_DEPLOYMENT_TARGET = 13.7;
				MTL_ENABLE_DEBUG_INFO = NO;
				MTL_FAST_MATH = YES;
				SDKROOT = iphoneos;
				SWIFT_COMPILATION_MODE = wholemodule;
				SWIFT_OPTIMIZATION_LEVEL = "-O";
				VALIDATE_PRODUCT = YES;
			};
			name = Release;
		};
		C910DDC42506E9BA00993938 /* Debug */ = {
			isa = XCBuildConfiguration;
			buildSettings = {
				ASSETCATALOG_COMPILER_APPICON_NAME = AppIcon;
				CODE_SIGN_STYLE = Automatic;
				DEVELOPMENT_ASSET_PATHS = "\"KeyServices/Preview Content\"";
				ENABLE_PREVIEWS = YES;
				INFOPLIST_FILE = KeyServices/Info.plist;
				LD_RUNPATH_SEARCH_PATHS = (
					"$(inherited)",
					"@executable_path/Frameworks",
				);
				PRODUCT_BUNDLE_IDENTIFIER = com.test.KeyServices;
				PRODUCT_NAME = "$(TARGET_NAME)";
				SWIFT_VERSION = 5.0;
				TARGETED_DEVICE_FAMILY = "1,2";
			};
			name = Debug;
		};
		C910DDC52506E9BA00993938 /* Release */ = {
			isa = XCBuildConfiguration;
			buildSettings = {
				ASSETCATALOG_COMPILER_APPICON_NAME = AppIcon;
				CODE_SIGN_STYLE = Automatic;
				DEVELOPMENT_ASSET_PATHS = "\"KeyServices/Preview Content\"";
				ENABLE_PREVIEWS = YES;
				INFOPLIST_FILE = KeyServices/Info.plist;
				LD_RUNPATH_SEARCH_PATHS = (
					"$(inherited)",
					"@executable_path/Frameworks",
				);
				PRODUCT_BUNDLE_IDENTIFIER = com.test.KeyServices;
				PRODUCT_NAME = "$(TARGET_NAME)";
				SWIFT_VERSION = 5.0;
				TARGETED_DEVICE_FAMILY = "1,2";
			};
			name = Release;
		};
		C910DDC72506E9BA00993938 /* Debug */ = {
			isa = XCBuildConfiguration;
			buildSettings = {
				ALWAYS_EMBED_SWIFT_STANDARD_LIBRARIES = YES;
				BUNDLE_LOADER = "$(TEST_HOST)";
				CODE_SIGN_STYLE = Automatic;
				INFOPLIST_FILE = KeyServicesTests/Info.plist;
				IPHONEOS_DEPLOYMENT_TARGET = 13.7;
				LD_RUNPATH_SEARCH_PATHS = (
					"$(inherited)",
					"@executable_path/Frameworks",
					"@loader_path/Frameworks",
				);
				PRODUCT_BUNDLE_IDENTIFIER = com.test.KeyServicesTests;
				PRODUCT_NAME = "$(TARGET_NAME)";
				SWIFT_VERSION = 5.0;
				TARGETED_DEVICE_FAMILY = "1,2";
				TEST_HOST = "$(BUILT_PRODUCTS_DIR)/KeyServices.app/KeyServices";
			};
			name = Debug;
		};
		C910DDC82506E9BA00993938 /* Release */ = {
			isa = XCBuildConfiguration;
			buildSettings = {
				ALWAYS_EMBED_SWIFT_STANDARD_LIBRARIES = YES;
				BUNDLE_LOADER = "$(TEST_HOST)";
				CODE_SIGN_STYLE = Automatic;
				INFOPLIST_FILE = KeyServicesTests/Info.plist;
				IPHONEOS_DEPLOYMENT_TARGET = 13.7;
				LD_RUNPATH_SEARCH_PATHS = (
					"$(inherited)",
					"@executable_path/Frameworks",
					"@loader_path/Frameworks",
				);
				PRODUCT_BUNDLE_IDENTIFIER = com.test.KeyServicesTests;
				PRODUCT_NAME = "$(TARGET_NAME)";
				SWIFT_VERSION = 5.0;
				TARGETED_DEVICE_FAMILY = "1,2";
				TEST_HOST = "$(BUILT_PRODUCTS_DIR)/KeyServices.app/KeyServices";
			};
			name = Release;
		};
		C910DDCA2506E9BA00993938 /* Debug */ = {
			isa = XCBuildConfiguration;
			buildSettings = {
				ALWAYS_EMBED_SWIFT_STANDARD_LIBRARIES = YES;
				CODE_SIGN_STYLE = Automatic;
				INFOPLIST_FILE = KeyServicesUITests/Info.plist;
				LD_RUNPATH_SEARCH_PATHS = (
					"$(inherited)",
					"@executable_path/Frameworks",
					"@loader_path/Frameworks",
				);
				PRODUCT_BUNDLE_IDENTIFIER = com.test.KeyServicesUITests;
				PRODUCT_NAME = "$(TARGET_NAME)";
				SWIFT_VERSION = 5.0;
				TARGETED_DEVICE_FAMILY = "1,2";
				TEST_TARGET_NAME = KeyServices;
			};
			name = Debug;
		};
		C910DDCB2506E9BA00993938 /* Release */ = {
			isa = XCBuildConfiguration;
			buildSettings = {
				ALWAYS_EMBED_SWIFT_STANDARD_LIBRARIES = YES;
				CODE_SIGN_STYLE = Automatic;
				INFOPLIST_FILE = KeyServicesUITests/Info.plist;
				LD_RUNPATH_SEARCH_PATHS = (
					"$(inherited)",
					"@executable_path/Frameworks",
					"@loader_path/Frameworks",
				);
				PRODUCT_BUNDLE_IDENTIFIER = com.test.KeyServicesUITests;
				PRODUCT_NAME = "$(TARGET_NAME)";
				SWIFT_VERSION = 5.0;
				TARGETED_DEVICE_FAMILY = "1,2";
				TEST_TARGET_NAME = KeyServices;
			};
			name = Release;
		};
/* End XCBuildConfiguration section */

/* Begin XCConfigurationList section */
		C910DD942506E9B900993938 /* Build configuration list for PBXProject "KeyServices" */ = {
			isa = XCConfigurationList;
			buildConfigurations = (
				C910DDC12506E9BA00993938 /* Debug */,
				C910DDC22506E9BA00993938 /* Release */,
			);
			defaultConfigurationIsVisible = 0;
			defaultConfigurationName = Release;
		};
		C910DDC32506E9BA00993938 /* Build configuration list for PBXNativeTarget "KeyServices" */ = {
			isa = XCConfigurationList;
			buildConfigurations = (
				C910DDC42506E9BA00993938 /* Debug */,
				C910DDC52506E9BA00993938 /* Release */,
			);
			defaultConfigurationIsVisible = 0;
			defaultConfigurationName = Release;
		};
		C910DDC62506E9BA00993938 /* Build configuration list for PBXNativeTarget "KeyServicesTests" */ = {
			isa = XCConfigurationList;
			buildConfigurations = (
				C910DDC72506E9BA00993938 /* Debug */,
				C910DDC82506E9BA00993938 /* Release */,
			);
			defaultConfigurationIsVisible = 0;
			defaultConfigurationName = Release;
		};
		C910DDC92506E9BA00993938 /* Build configuration list for PBXNativeTarget "KeyServicesUITests" */ = {
			isa = XCConfigurationList;
			buildConfigurations = (
				C910DDCA2506E9BA00993938 /* Debug */,
				C910DDCB2506E9BA00993938 /* Release */,
			);
			defaultConfigurationIsVisible = 0;
			defaultConfigurationName = Release;
		};
/* End XCConfigurationList section */
	};
	rootObject = C910DD912506E9B900993938 /* Project object */;
}
